{
  "nodes": {
    "nixpkgs": {
      "locked": {
        "lastModified": 1601914490,
        "narHash": "sha256-qgNczlalffNcybsJZtGYjhZPXgx1nefxDI6IobROpfI=",
        "owner": "NixOS",
        "repo": "nixpkgs",
        "rev": "c781b505ad7d8b2921926f7d9a80c58f18961cbb",
        "type": "github"
      },
      "original": {
        "owner": "NixOS",
        "ref": "master",
        "repo": "nixpkgs",
        "type": "github"
      }
    },
    "root": {
      "inputs": {
        "nixpkgs": "nixpkgs",
        "utils": "utils"
      }
    },
    "utils": {
      "locked": {
        "lastModified": 1601282935,
        "narHash": "sha256-WQAFV6sGGQxrRs3a+/Yj9xUYvhTpukQJIcMbIi7LCJ4=",
        "owner": "numtide",
        "repo": "flake-utils",
        "rev": "588973065fce51f4763287f0fda87a174d78bf48",
        "type": "github"
      },
      "original": {
        "owner": "numtide",
        "repo": "flake-utils",
        "type": "github"
      }
    }
  },
  "root": "root",
  "version": 7
}
