[[package]]
name = "apache-libcloud"
version = "3.2.0"
description = "A standard Python library that abstracts away differences among multiple cloud provider APIs. For more information and documentation, please see https://libcloud.apache.org"
category = "main"
optional = false
python-versions = ">=3.5.*, <4"

[package.dependencies]
requests = ">=2.5.0"

[[package]]
name = "boto"
version = "2.49.0"
description = "Amazon Web Services Library"
category = "main"
optional = false
python-versions = "*"

[[package]]
name = "boto3"
version = "1.16.30"
description = "The AWS SDK for Python"
category = "main"
optional = false
python-versions = "*"

[package.dependencies]
botocore = ">=1.19.30,<1.20.0"
jmespath = ">=0.7.1,<1.0.0"
s3transfer = ">=0.3.0,<0.4.0"

[[package]]
name = "botocore"
version = "1.19.30"
description = "Low-level, data-driven core of boto 3."
category = "main"
optional = false
python-versions = "*"

[package.dependencies]
jmespath = ">=0.7.1,<1.0.0"
python-dateutil = ">=2.1,<3.0.0"
urllib3 = {version = ">=1.25.4,<1.27", markers = "python_version != \"3.4\""}

[[package]]
name = "certifi"
version = "2020.12.5"
description = "Python package for providing Mozilla's CA Bundle."
category = "main"
optional = false
python-versions = "*"

[[package]]
name = "cffi"
version = "1.14.4"
description = "Foreign Function Interface for Python calling C code."
category = "main"
optional = false
python-versions = "*"

[package.dependencies]
pycparser = "*"

[[package]]
name = "chardet"
version = "3.0.4"
description = "Universal encoding detector for Python 2 and 3"
category = "main"
optional = false
python-versions = "*"

[[package]]
name = "cryptography"
version = "3.2.1"
description = "cryptography is a package which provides cryptographic recipes and primitives to Python developers."
category = "main"
optional = false
python-versions = ">=2.7,!=3.0.*,!=3.1.*,!=3.2.*,!=3.3.*,!=3.4.*"

[package.dependencies]
cffi = ">=1.8,<1.11.3 || >1.11.3"
six = ">=1.4.1"

[package.extras]
docs = ["sphinx (>=1.6.5,!=1.8.0,!=3.1.0,!=3.1.1)", "sphinx-rtd-theme"]
docstest = ["doc8", "pyenchant (>=1.6.11)", "twine (>=1.12.0)", "sphinxcontrib-spelling (>=4.0.1)"]
pep8test = ["black", "flake8", "flake8-import-order", "pep8-naming"]
ssh = ["bcrypt (>=3.1.5)"]
test = ["pytest (>=3.6.0,!=3.9.0,!=3.9.1,!=3.9.2)", "pretend", "iso8601", "pytz", "hypothesis (>=1.11.4,!=3.79.2)"]

[[package]]
name = "future"
version = "0.18.2"
description = "Clean single-source support for Python 3 and 2"
category = "main"
optional = false
python-versions = ">=2.6, !=3.0.*, !=3.1.*, !=3.2.*"

[[package]]
name = "hcloud"
version = "1.8.1"
description = "Official Hetzner Cloud python library"
category = "main"
optional = false
python-versions = ">=2.7, !=3.0.*, !=3.1.*, !=3.2.*, !=3.3.*, !=3.4.*, <3.10"

[package.dependencies]
future = ">=0.17.1,<0.19"
python-dateutil = ">=2.7.5,<2.9"
requests = ">=2.20,<2.24"

[package.extras]
docs = ["Sphinx (==1.8.1)", "sphinx-rtd-theme (==0.4.2)"]

[[package]]
name = "idna"
version = "2.10"
description = "Internationalized Domain Names in Applications (IDNA)"
category = "main"
optional = false
python-versions = ">=2.7, !=3.0.*, !=3.1.*, !=3.2.*, !=3.3.*"

[[package]]
name = "jmespath"
version = "0.10.0"
description = "JSON Matching Expressions"
category = "main"
optional = false
python-versions = ">=2.6, !=3.0.*, !=3.1.*, !=3.2.*"

[[package]]
name = "jsonpickle"
version = "1.4.2"
description = "Python library for serializing any arbitrary object graph into JSON"
category = "main"
optional = false
python-versions = ">=2.7"

[package.extras]
docs = ["sphinx", "jaraco.packaging (>=3.2)", "rst.linker (>=1.9)"]
testing = ["coverage (<5)", "pytest (>=3.5,!=3.7.3)", "pytest-checkdocs (>=1.2.3)", "pytest-flake8", "pytest-black-multipy", "pytest-cov", "ecdsa", "feedparser", "numpy", "pandas", "pymongo", "sqlalchemy", "enum34", "jsonlib"]
"testing.libs" = ["demjson", "simplejson", "ujson", "yajl"]

[[package]]
name = "libvirt-python"
version = "6.10.0"
description = "The libvirt virtualization API python binding"
category = "main"
optional = false
python-versions = "*"

[[package]]
name = "nixops"
version = "2.0.0"
description = "NixOS cloud provisioning and deployment tool"
category = "main"
optional = false
python-versions = "^3.7"
develop = false

[package.dependencies]
pluggy = "^0.13.1"
PrettyTable = "^0.7.2"
typeguard = "^2.7.1"
typing-extensions = "^3.7.4"

[package.source]
type = "git"
url = "https://github.com/NixOS/nixops.git"
reference = "faed0635d24e93f38046af58fb7715327de28e39"

[[package]]
name = "nixops-aws"
version = "1.0"
description = "NixOps AWS plugin"
category = "main"
optional = false
python-versions = "^3.7"
develop = false

[package.dependencies]
boto = "^2.49.0"
boto3 = "^1.13.7"
nixops = "rev master"
nixos-modules-contrib = "rev master"
typing-extensions = "^3.7.4"

[package.source]
type = "git"
url = "https://github.com/NixOS/nixops-aws.git"
reference = "ce9e0ae63981c5c727a688eec5c314e38694eba2"

[[package]]
name = "nixops-digitalocean"
version = "2.0"
description = "NixOps plugin for Digital Ocean"
category = "main"
optional = false
python-versions = "^3.7"
develop = false

[package.dependencies]
nixops = "branch master"
python-digitalocean = "^1.15.0"

[package.source]
type = "git"
url = "https://github.com/nix-community/nixops-digitalocean.git"
reference = "b527b4bd27a419753e38c8231fd7528b3ea33886"

[[package]]
name = "nixops-gcp"
version = "1.0"
description = "NixOps backend for Google Cloud Platform"
category = "main"
optional = false
python-versions = "^3.7"
develop = false

[package.dependencies]
apache-libcloud = "^3.2.0"
cryptography = "^3.1.1"
nixops = "branch master"
nixos-modules-contrib = "branch master"

[package.source]
type = "git"
url = "https://github.com/nix-community/nixops-gce.git"
reference = "1dc678c0b51ecd823d2531754b3a194462651b79"

[[package]]
name = "nixops-hetznercloud"
version = "0.1.0"
description = "NixOps Hetzner Cloud plugin"
category = "main"
optional = false
python-versions = "~3.8"
develop = false

[package.dependencies]
hcloud = "1.8.1"
nixops = "rev master"
typeguard = "2.9.1"
typing-extensions = "^3.7.4"

[package.source]
type = "git"
url = "https://github.com/lukebfox/nixops-hetznercloud.git"
reference = "e12135de3ddff0338ac9c5d46547fcdff67c7870"

[[package]]
name = "nixops-virtd"
version = "1.0"
description = "NixOps plugin for virtd"
category = "main"
optional = false
python-versions = "^3.7"
develop = false

[package.dependencies]
libvirt-python = "^6.1"
nixops = "branch master"

[package.source]
type = "git"
url = "https://github.com/nix-community/nixops-libvirtd.git"
reference = "af6cf5b2ced57b7b6d36b5df7dd27a14e0a5cfb6"

[[package]]
name = "nixopsvbox"
version = "1.7"
description = "NixOps backend for VirtualBox"
category = "main"
optional = false
python-versions = "^3.7"
develop = false

[package.dependencies]
nixops = "rev master"

[package.source]
type = "git"
url = "https://github.com/nix-community/nixops-vbox.git"
reference = "2729672865ebe2aa973c062a3fbddda8c1359da0"

[[package]]
name = "nixos-modules-contrib"
version = "0.1.0"
description = "NixOS modules that don't quite belong in NixOS."
category = "main"
optional = false
python-versions = "^3.7"
develop = false

[package.dependencies]
nixops = "rev master"

[package.source]
type = "git"
url = "https://github.com/nix-community/nixos-modules-contrib.git"
reference = "6e4d21f47f0c40023a56a9861886bde146476198"

[[package]]
name = "pluggy"
version = "0.13.1"
description = "plugin and hook calling mechanisms for python"
category = "main"
optional = false
python-versions = ">=2.7, !=3.0.*, !=3.1.*, !=3.2.*, !=3.3.*"

[package.extras]
dev = ["pre-commit", "tox"]

[[package]]
name = "prettytable"
version = "0.7.2"
description = "A simple Python library for easily displaying tabular data in a visually appealing ASCII table format."
category = "main"
optional = false
python-versions = "*"

[[package]]
name = "pycparser"
version = "2.20"
description = "C parser in Python"
category = "main"
optional = false
python-versions = ">=2.7, !=3.0.*, !=3.1.*, !=3.2.*, !=3.3.*"

[[package]]
name = "python-dateutil"
version = "2.8.1"
description = "Extensions to the standard Python datetime module"
category = "main"
optional = false
python-versions = "!=3.0.*,!=3.1.*,!=3.2.*,>=2.7"

[package.dependencies]
six = ">=1.5"

[[package]]
name = "python-digitalocean"
version = "1.16.0"
description = "digitalocean.com API to manage Droplets and Images"
category = "main"
optional = false
python-versions = "*"

[package.dependencies]
jsonpickle = "*"
requests = "*"

[[package]]
name = "requests"
version = "2.23.0"
description = "Python HTTP for Humans."
category = "main"
optional = false
python-versions = ">=2.7, !=3.0.*, !=3.1.*, !=3.2.*, !=3.3.*, !=3.4.*"

[package.dependencies]
certifi = ">=2017.4.17"
chardet = ">=3.0.2,<4"
idna = ">=2.5,<3"
urllib3 = ">=1.21.1,<1.25.0 || >1.25.0,<1.25.1 || >1.25.1,<1.26"

[package.extras]
security = ["pyOpenSSL (>=0.14)", "cryptography (>=1.3.4)"]
socks = ["PySocks (>=1.5.6,!=1.5.7)", "win-inet-pton"]

[[package]]
name = "s3transfer"
version = "0.3.3"
description = "An Amazon S3 Transfer Manager"
category = "main"
optional = false
python-versions = "*"

[package.dependencies]
botocore = ">=1.12.36,<2.0a.0"

[[package]]
name = "six"
version = "1.15.0"
description = "Python 2 and 3 compatibility utilities"
category = "main"
optional = false
python-versions = ">=2.7, !=3.0.*, !=3.1.*, !=3.2.*"

[[package]]
name = "typeguard"
version = "2.9.1"
description = "Run-time type checker for Python"
category = "main"
optional = false
python-versions = ">=3.5.3"

[package.extras]
doc = ["sphinx-rtd-theme", "sphinx-autodoc-typehints (>=1.2.0)"]
test = ["pytest", "typing-extensions"]

[[package]]
name = "typing-extensions"
version = "3.7.4.3"
description = "Backported and Experimental Type Hints for Python 3.5+"
category = "main"
optional = false
python-versions = "*"

[[package]]
name = "urllib3"
version = "1.25.11"
description = "HTTP library with thread-safe connection pooling, file post, and more."
category = "main"
optional = false
python-versions = ">=2.7, !=3.0.*, !=3.1.*, !=3.2.*, !=3.3.*, !=3.4.*, <4"

[package.extras]
brotli = ["brotlipy (>=0.6.0)"]
secure = ["pyOpenSSL (>=0.14)", "cryptography (>=1.3.4)", "idna (>=2.0.0)", "certifi", "ipaddress"]
socks = ["PySocks (>=1.5.6,!=1.5.7,<2.0)"]

[metadata]
lock-version = "1.0"
python-versions = "~3.8"
content-hash = "700725c67b76bdfd329598dcf272f0542298aa05f1b98019d36aa4a588702f5b"

[metadata.files]
apache-libcloud = [
    {file = "apache-libcloud-3.2.0.tar.gz", hash = "sha256:1b14b1f5f91ceeff5cf228613e76577d7b41e790dccd53a0f647ef816fb5495c"},
    {file = "apache_libcloud-3.2.0-py2.py3-none-any.whl", hash = "sha256:e41b8670b5b2cb9b8bf1557f099a0e75dcb0ed9e9b2d667a3a0c1fbec0fa11bb"},
]
boto = [
    {file = "boto-2.49.0-py2.py3-none-any.whl", hash = "sha256:147758d41ae7240dc989f0039f27da8ca0d53734be0eb869ef16e3adcfa462e8"},
    {file = "boto-2.49.0.tar.gz", hash = "sha256:ea0d3b40a2d852767be77ca343b58a9e3a4b00d9db440efb8da74b4e58025e5a"},
]
boto3 = [
    {file = "boto3-1.16.30-py2.py3-none-any.whl", hash = "sha256:163ab6f9030ade265af9b36a10e608f12911cb5f3557e8e3390dffeba919262e"},
    {file = "boto3-1.16.30.tar.gz", hash = "sha256:848aa8d11c9927daa13512072a501e2fc70ba86b073fc6927b86466f4a459b4d"},
]
botocore = [
    {file = "botocore-1.19.30-py2.py3-none-any.whl", hash = "sha256:70a8ec8d76096927b619a2f1f0dffe326fc9a4f9224afc6cf5d7ef2fd98a94a2"},
    {file = "botocore-1.19.30.tar.gz", hash = "sha256:822f9dd11f11c54b9c4666cfec9b7246a32990dbca1be27528a75a8dabed4dc2"},
]
certifi = [
    {file = "certifi-2020.12.5-py2.py3-none-any.whl", hash = "sha256:719a74fb9e33b9bd44cc7f3a8d94bc35e4049deebe19ba7d8e108280cfd59830"},
    {file = "certifi-2020.12.5.tar.gz", hash = "sha256:1a4995114262bffbc2413b159f2a1a480c969de6e6eb13ee966d470af86af59c"},
]
cffi = [
    {file = "cffi-1.14.4-cp27-cp27m-macosx_10_9_x86_64.whl", hash = "sha256:ebb253464a5d0482b191274f1c8bf00e33f7e0b9c66405fbffc61ed2c839c775"},
    {file = "cffi-1.14.4-cp27-cp27m-manylinux1_i686.whl", hash = "sha256:2c24d61263f511551f740d1a065eb0212db1dbbbbd241db758f5244281590c06"},
    {file = "cffi-1.14.4-cp27-cp27m-manylinux1_x86_64.whl", hash = "sha256:9f7a31251289b2ab6d4012f6e83e58bc3b96bd151f5b5262467f4bb6b34a7c26"},
    {file = "cffi-1.14.4-cp27-cp27m-win32.whl", hash = "sha256:5cf4be6c304ad0b6602f5c4e90e2f59b47653ac1ed9c662ed379fe48a8f26b0c"},
    {file = "cffi-1.14.4-cp27-cp27m-win_amd64.whl", hash = "sha256:f60567825f791c6f8a592f3c6e3bd93dd2934e3f9dac189308426bd76b00ef3b"},
    {file = "cffi-1.14.4-cp27-cp27mu-manylinux1_i686.whl", hash = "sha256:c6332685306b6417a91b1ff9fae889b3ba65c2292d64bd9245c093b1b284809d"},
    {file = "cffi-1.14.4-cp27-cp27mu-manylinux1_x86_64.whl", hash = "sha256:d9efd8b7a3ef378dd61a1e77367f1924375befc2eba06168b6ebfa903a5e59ca"},
    {file = "cffi-1.14.4-cp35-cp35m-macosx_10_9_x86_64.whl", hash = "sha256:51a8b381b16ddd370178a65360ebe15fbc1c71cf6f584613a7ea08bfad946698"},
    {file = "cffi-1.14.4-cp35-cp35m-manylinux1_i686.whl", hash = "sha256:1d2c4994f515e5b485fd6d3a73d05526aa0fcf248eb135996b088d25dfa1865b"},
    {file = "cffi-1.14.4-cp35-cp35m-manylinux1_x86_64.whl", hash = "sha256:af5c59122a011049aad5dd87424b8e65a80e4a6477419c0c1015f73fb5ea0293"},
    {file = "cffi-1.14.4-cp35-cp35m-win32.whl", hash = "sha256:594234691ac0e9b770aee9fcdb8fa02c22e43e5c619456efd0d6c2bf276f3eb2"},
    {file = "cffi-1.14.4-cp35-cp35m-win_amd64.whl", hash = "sha256:64081b3f8f6f3c3de6191ec89d7dc6c86a8a43911f7ecb422c60e90c70be41c7"},
    {file = "cffi-1.14.4-cp36-cp36m-macosx_10_9_x86_64.whl", hash = "sha256:f803eaa94c2fcda012c047e62bc7a51b0bdabda1cad7a92a522694ea2d76e49f"},
    {file = "cffi-1.14.4-cp36-cp36m-manylinux1_i686.whl", hash = "sha256:105abaf8a6075dc96c1fe5ae7aae073f4696f2905fde6aeada4c9d2926752362"},
    {file = "cffi-1.14.4-cp36-cp36m-manylinux1_x86_64.whl", hash = "sha256:0638c3ae1a0edfb77c6765d487fee624d2b1ee1bdfeffc1f0b58c64d149e7eec"},
    {file = "cffi-1.14.4-cp36-cp36m-manylinux2014_aarch64.whl", hash = "sha256:7c6b1dece89874d9541fc974917b631406233ea0440d0bdfbb8e03bf39a49b3b"},
    {file = "cffi-1.14.4-cp36-cp36m-win32.whl", hash = "sha256:155136b51fd733fa94e1c2ea5211dcd4c8879869008fc811648f16541bf99668"},
    {file = "cffi-1.14.4-cp36-cp36m-win_amd64.whl", hash = "sha256:6bc25fc545a6b3d57b5f8618e59fc13d3a3a68431e8ca5fd4c13241cd70d0009"},
    {file = "cffi-1.14.4-cp37-cp37m-macosx_10_9_x86_64.whl", hash = "sha256:a7711edca4dcef1a75257b50a2fbfe92a65187c47dab5a0f1b9b332c5919a3fb"},
    {file = "cffi-1.14.4-cp37-cp37m-manylinux1_i686.whl", hash = "sha256:00e28066507bfc3fe865a31f325c8391a1ac2916219340f87dfad602c3e48e5d"},
    {file = "cffi-1.14.4-cp37-cp37m-manylinux1_x86_64.whl", hash = "sha256:798caa2a2384b1cbe8a2a139d80734c9db54f9cc155c99d7cc92441a23871c03"},
    {file = "cffi-1.14.4-cp37-cp37m-manylinux2014_aarch64.whl", hash = "sha256:a5ed8c05548b54b998b9498753fb9cadbfd92ee88e884641377d8a8b291bcc01"},
    {file = "cffi-1.14.4-cp37-cp37m-win32.whl", hash = "sha256:00a1ba5e2e95684448de9b89888ccd02c98d512064b4cb987d48f4b40aa0421e"},
    {file = "cffi-1.14.4-cp37-cp37m-win_amd64.whl", hash = "sha256:9cc46bc107224ff5b6d04369e7c595acb700c3613ad7bcf2e2012f62ece80c35"},
    {file = "cffi-1.14.4-cp38-cp38-macosx_10_9_x86_64.whl", hash = "sha256:df5169c4396adc04f9b0a05f13c074df878b6052430e03f50e68adf3a57aa28d"},
    {file = "cffi-1.14.4-cp38-cp38-manylinux1_i686.whl", hash = "sha256:9ffb888f19d54a4d4dfd4b3f29bc2c16aa4972f1c2ab9c4ab09b8ab8685b9c2b"},
    {file = "cffi-1.14.4-cp38-cp38-manylinux1_x86_64.whl", hash = "sha256:8d6603078baf4e11edc4168a514c5ce5b3ba6e3e9c374298cb88437957960a53"},
    {file = "cffi-1.14.4-cp38-cp38-manylinux2014_aarch64.whl", hash = "sha256:d5ff0621c88ce83a28a10d2ce719b2ee85635e85c515f12bac99a95306da4b2e"},
    {file = "cffi-1.14.4-cp38-cp38-win32.whl", hash = "sha256:b4e248d1087abf9f4c10f3c398896c87ce82a9856494a7155823eb45a892395d"},
    {file = "cffi-1.14.4-cp38-cp38-win_amd64.whl", hash = "sha256:ec80dc47f54e6e9a78181ce05feb71a0353854cc26999db963695f950b5fb375"},
    {file = "cffi-1.14.4-cp39-cp39-macosx_10_9_x86_64.whl", hash = "sha256:840793c68105fe031f34d6a086eaea153a0cd5c491cde82a74b420edd0a2b909"},
    {file = "cffi-1.14.4-cp39-cp39-manylinux1_i686.whl", hash = "sha256:b18e0a9ef57d2b41f5c68beefa32317d286c3d6ac0484efd10d6e07491bb95dd"},
    {file = "cffi-1.14.4-cp39-cp39-manylinux1_x86_64.whl", hash = "sha256:045d792900a75e8b1e1b0ab6787dd733a8190ffcf80e8c8ceb2fb10a29ff238a"},
    {file = "cffi-1.14.4-cp39-cp39-win32.whl", hash = "sha256:ba4e9e0ae13fc41c6b23299545e5ef73055213e466bd107953e4a013a5ddd7e3"},
    {file = "cffi-1.14.4-cp39-cp39-win_amd64.whl", hash = "sha256:f032b34669220030f905152045dfa27741ce1a6db3324a5bc0b96b6c7420c87b"},
    {file = "cffi-1.14.4.tar.gz", hash = "sha256:1a465cbe98a7fd391d47dce4b8f7e5b921e6cd805ef421d04f5f66ba8f06086c"},
]
chardet = [
    {file = "chardet-3.0.4-py2.py3-none-any.whl", hash = "sha256:fc323ffcaeaed0e0a02bf4d117757b98aed530d9ed4531e3e15460124c106691"},
    {file = "chardet-3.0.4.tar.gz", hash = "sha256:84ab92ed1c4d4f16916e05906b6b75a6c0fb5db821cc65e70cbd64a3e2a5eaae"},
]
cryptography = [
    {file = "cryptography-3.2.1-cp27-cp27m-macosx_10_10_x86_64.whl", hash = "sha256:6dc59630ecce8c1f558277ceb212c751d6730bd12c80ea96b4ac65637c4f55e7"},
    {file = "cryptography-3.2.1-cp27-cp27m-manylinux1_x86_64.whl", hash = "sha256:75e8e6684cf0034f6bf2a97095cb95f81537b12b36a8fedf06e73050bb171c2d"},
    {file = "cryptography-3.2.1-cp27-cp27m-manylinux2010_x86_64.whl", hash = "sha256:4e7268a0ca14536fecfdf2b00297d4e407da904718658c1ff1961c713f90fd33"},
    {file = "cryptography-3.2.1-cp27-cp27m-win32.whl", hash = "sha256:7117319b44ed1842c617d0a452383a5a052ec6aa726dfbaffa8b94c910444297"},
    {file = "cryptography-3.2.1-cp27-cp27m-win_amd64.whl", hash = "sha256:a733671100cd26d816eed39507e585c156e4498293a907029969234e5e634bc4"},
    {file = "cryptography-3.2.1-cp27-cp27mu-manylinux1_x86_64.whl", hash = "sha256:a75f306a16d9f9afebfbedc41c8c2351d8e61e818ba6b4c40815e2b5740bb6b8"},
    {file = "cryptography-3.2.1-cp27-cp27mu-manylinux2010_x86_64.whl", hash = "sha256:5849d59358547bf789ee7e0d7a9036b2d29e9a4ddf1ce5e06bb45634f995c53e"},
    {file = "cryptography-3.2.1-cp35-abi3-macosx_10_10_x86_64.whl", hash = "sha256:bd717aa029217b8ef94a7d21632a3bb5a4e7218a4513d2521c2a2fd63011e98b"},
    {file = "cryptography-3.2.1-cp35-abi3-manylinux1_x86_64.whl", hash = "sha256:efe15aca4f64f3a7ea0c09c87826490e50ed166ce67368a68f315ea0807a20df"},
    {file = "cryptography-3.2.1-cp35-abi3-manylinux2010_x86_64.whl", hash = "sha256:32434673d8505b42c0de4de86da8c1620651abd24afe91ae0335597683ed1b77"},
    {file = "cryptography-3.2.1-cp35-abi3-manylinux2014_aarch64.whl", hash = "sha256:7b8d9d8d3a9bd240f453342981f765346c87ade811519f98664519696f8e6ab7"},
    {file = "cryptography-3.2.1-cp35-cp35m-win32.whl", hash = "sha256:d3545829ab42a66b84a9aaabf216a4dce7f16dbc76eb69be5c302ed6b8f4a29b"},
    {file = "cryptography-3.2.1-cp35-cp35m-win_amd64.whl", hash = "sha256:a4e27ed0b2504195f855b52052eadcc9795c59909c9d84314c5408687f933fc7"},
    {file = "cryptography-3.2.1-cp36-abi3-win32.whl", hash = "sha256:13b88a0bd044b4eae1ef40e265d006e34dbcde0c2f1e15eb9896501b2d8f6c6f"},
    {file = "cryptography-3.2.1-cp36-abi3-win_amd64.whl", hash = "sha256:07ca431b788249af92764e3be9a488aa1d39a0bc3be313d826bbec690417e538"},
    {file = "cryptography-3.2.1-cp36-cp36m-win32.whl", hash = "sha256:a035a10686532b0587d58a606004aa20ad895c60c4d029afa245802347fab57b"},
    {file = "cryptography-3.2.1-cp36-cp36m-win_amd64.whl", hash = "sha256:d26a2557d8f9122f9bf445fc7034242f4375bd4e95ecda007667540270965b13"},
    {file = "cryptography-3.2.1-cp37-cp37m-win32.whl", hash = "sha256:545a8550782dda68f8cdc75a6e3bf252017aa8f75f19f5a9ca940772fc0cb56e"},
    {file = "cryptography-3.2.1-cp37-cp37m-win_amd64.whl", hash = "sha256:55d0b896631412b6f0c7de56e12eb3e261ac347fbaa5d5e705291a9016e5f8cb"},
    {file = "cryptography-3.2.1-cp38-cp38-win32.whl", hash = "sha256:3cd75a683b15576cfc822c7c5742b3276e50b21a06672dc3a800a2d5da4ecd1b"},
    {file = "cryptography-3.2.1-cp38-cp38-win_amd64.whl", hash = "sha256:d25cecbac20713a7c3bc544372d42d8eafa89799f492a43b79e1dfd650484851"},
    {file = "cryptography-3.2.1.tar.gz", hash = "sha256:d3d5e10be0cf2a12214ddee45c6bd203dab435e3d83b4560c03066eda600bfe3"},
]
future = [
    {file = "future-0.18.2.tar.gz", hash = "sha256:b1bead90b70cf6ec3f0710ae53a525360fa360d306a86583adc6bf83a4db537d"},
]
hcloud = [
    {file = "hcloud-1.8.1.tar.gz", hash = "sha256:f289aeed0fb760b32fc6cd58b120c1901a84cc6f232470c2df5e42f213d16df6"},
]
idna = [
    {file = "idna-2.10-py2.py3-none-any.whl", hash = "sha256:b97d804b1e9b523befed77c48dacec60e6dcb0b5391d57af6a65a312a90648c0"},
    {file = "idna-2.10.tar.gz", hash = "sha256:b307872f855b18632ce0c21c5e45be78c0ea7ae4c15c828c20788b26921eb3f6"},
]
jmespath = [
    {file = "jmespath-0.10.0-py2.py3-none-any.whl", hash = "sha256:cdf6525904cc597730141d61b36f2e4b8ecc257c420fa2f4549bac2c2d0cb72f"},
    {file = "jmespath-0.10.0.tar.gz", hash = "sha256:b85d0567b8666149a93172712e68920734333c0ce7e89b78b3e987f71e5ed4f9"},
]
jsonpickle = [
    {file = "jsonpickle-1.4.2-py2.py3-none-any.whl", hash = "sha256:2ac5863099864c63d7f0c367af5e512c94f3384977dd367f2eae5f2303f7b92c"},
    {file = "jsonpickle-1.4.2.tar.gz", hash = "sha256:c9b99b28a9e6a3043ec993552db79f4389da11afcb1d0246d93c79f4b5e64062"},
]
libvirt-python = [
    {file = "libvirt-python-6.10.0.tar.gz", hash = "sha256:47a8e90d9f49bc0296d2817f6009e18dbb69844ce10b81c2a2672bccd6f49fd5"},
]
nixops = []
nixops-aws = []
nixops-digitalocean = []
nixops-gcp = []
nixops-hetznercloud = []
nixops-virtd = []
nixopsvbox = []
nixos-modules-contrib = []
pluggy = [
    {file = "pluggy-0.13.1-py2.py3-none-any.whl", hash = "sha256:966c145cd83c96502c3c3868f50408687b38434af77734af1e9ca461a4081d2d"},
    {file = "pluggy-0.13.1.tar.gz", hash = "sha256:15b2acde666561e1298d71b523007ed7364de07029219b604cf808bfa1c765b0"},
]
prettytable = [
    {file = "prettytable-0.7.2.tar.bz2", hash = "sha256:853c116513625c738dc3ce1aee148b5b5757a86727e67eff6502c7ca59d43c36"},
    {file = "prettytable-0.7.2.tar.gz", hash = "sha256:2d5460dc9db74a32bcc8f9f67de68b2c4f4d2f01fa3bd518764c69156d9cacd9"},
    {file = "prettytable-0.7.2.zip", hash = "sha256:a53da3b43d7a5c229b5e3ca2892ef982c46b7923b51e98f0db49956531211c4f"},
]
pycparser = [
    {file = "pycparser-2.20-py2.py3-none-any.whl", hash = "sha256:7582ad22678f0fcd81102833f60ef8d0e57288b6b5fb00323d101be910e35705"},
    {file = "pycparser-2.20.tar.gz", hash = "sha256:2d475327684562c3a96cc71adf7dc8c4f0565175cf86b6d7a404ff4c771f15f0"},
]
python-dateutil = [
    {file = "python-dateutil-2.8.1.tar.gz", hash = "sha256:73ebfe9dbf22e832286dafa60473e4cd239f8592f699aa5adaf10050e6e1823c"},
    {file = "python_dateutil-2.8.1-py2.py3-none-any.whl", hash = "sha256:75bb3f31ea686f1197762692a9ee6a7550b59fc6ca3a1f4b5d7e32fb98e2da2a"},
]
python-digitalocean = [
    {file = "python-digitalocean-1.16.0.tar.gz", hash = "sha256:23af5af538e7202876a803d3cb7b909bc6db24c1e47653678cf6b21ed09d2794"},
    {file = "python_digitalocean-1.16.0-py3-none-any.whl", hash = "sha256:963e33ed0d6443cbd33f10d03e6b746d8f58e21a2cb3b50dfff1692ba42fc591"},
]
requests = [
    {file = "requests-2.23.0-py2.7.egg", hash = "sha256:5d2d0ffbb515f39417009a46c14256291061ac01ba8f875b90cad137de83beb4"},
    {file = "requests-2.23.0-py2.py3-none-any.whl", hash = "sha256:43999036bfa82904b6af1d99e4882b560e5e2c68e5c4b0aa03b655f3d7d73fee"},
    {file = "requests-2.23.0.tar.gz", hash = "sha256:b3f43d496c6daba4493e7c431722aeb7dbc6288f52a6e04e7b6023b0247817e6"},
]
s3transfer = [
    {file = "s3transfer-0.3.3-py2.py3-none-any.whl", hash = "sha256:2482b4259524933a022d59da830f51bd746db62f047d6eb213f2f8855dcb8a13"},
    {file = "s3transfer-0.3.3.tar.gz", hash = "sha256:921a37e2aefc64145e7b73d50c71bb4f26f46e4c9f414dc648c6245ff92cf7db"},
]
six = [
    {file = "six-1.15.0-py2.py3-none-any.whl", hash = "sha256:8b74bedcbbbaca38ff6d7491d76f2b06b3592611af620f8426e82dddb04a5ced"},
    {file = "six-1.15.0.tar.gz", hash = "sha256:30639c035cdb23534cd4aa2dd52c3bf48f06e5f4a941509c8bafd8ce11080259"},
]
typeguard = [
    {file = "typeguard-2.9.1-py3-none-any.whl", hash = "sha256:e258567e62d28f9a51d4f7c71f491154e9ef0889286ad2f37e3e22e4f668b21b"},
    {file = "typeguard-2.9.1.tar.gz", hash = "sha256:529ef3d88189cc457f4340388028412f71be8091c2c943465146d4170fb67288"},
]
typing-extensions = [
    {file = "typing_extensions-3.7.4.3-py2-none-any.whl", hash = "sha256:dafc7639cde7f1b6e1acc0f457842a83e722ccca8eef5270af2d74792619a89f"},
    {file = "typing_extensions-3.7.4.3-py3-none-any.whl", hash = "sha256:7cb407020f00f7bfc3cb3e7881628838e69d8f3fcab2f64742a5e76b2f841918"},
    {file = "typing_extensions-3.7.4.3.tar.gz", hash = "sha256:99d4073b617d30288f569d3f13d2bd7548c3a7e4c8de87db09a9d29bb3a4a60c"},
]
urllib3 = [
    {file = "urllib3-1.25.11-py2.py3-none-any.whl", hash = "sha256:f5321fbe4bf3fefa0efd0bfe7fb14e90909eb62a48ccda331726b4319897dd5e"},
    {file = "urllib3-1.25.11.tar.gz", hash = "sha256:8d7eaa5a82a1cac232164990f04874c594c9453ec55eef02eab885aa02fc17a2"},
]
